
Microsoft Visual Studio Solution File, Format Version 12.00
Project("{FAE04EC0-301F-11D3-BF4B-00C04F79EFBC}") = "OrarAdmin", "OrarAdmin\OrarAdmin.csproj", "{40EF5D9D-723B-4832-A496-AD3D299455D0}"
EndProject
Project("{FAE04EC0-301F-11D3-BF4B-00C04F79EFBC}") = "OrarBackend", "OrarBackend\OrarBackend.csproj", "{6A457E24-4046-43C8-B701-DA8C792D465D}"
EndProject
Project("{FAE04EC0-301F-11D3-BF4B-00C04F79EFBC}") = "Orar", "Orar\Orar.csproj", "{B5A8A479-888C-43D8-A3FB-44A521FD1687}"
EndProject
Project("{FAE04EC0-301F-11D3-BF4B-00C04F79EFBC}") = "OrarCron", "OrarCron\OrarCron.csproj", "{CFDFACCD-311E-4DB9-8331-1FA6BD604212}"
EndProject
Global
	GlobalSection(SolutionConfigurationPlatforms) = preSolution
		Debug|Any CPU = Debug|Any CPU
		Release|Any CPU = Release|Any CPU
	EndGlobalSection
	GlobalSection(ProjectConfigurationPlatforms) = postSolution
		{40EF5D9D-723B-4832-A496-AD3D299455D0}.Debug|Any CPU.ActiveCfg = Debug|Any CPU
		{40EF5D9D-723B-4832-A496-AD3D299455D0}.Debug|Any CPU.Build.0 = Debug|Any CPU
		{40EF5D9D-723B-4832-A496-AD3D299455D0}.Release|Any CPU.ActiveCfg = Release|Any CPU
		{40EF5D9D-723B-4832-A496-AD3D299455D0}.Release|Any CPU.Build.0 = Release|Any CPU
		{6A457E24-4046-43C8-B701-DA8C792D465D}.Debug|Any CPU.ActiveCfg = Debug|Any CPU
		{6A457E24-4046-43C8-B701-DA8C792D465D}.Debug|Any CPU.Build.0 = Debug|Any CPU
		{6A457E24-4046-43C8-B701-DA8C792D465D}.Release|Any CPU.ActiveCfg = Release|Any CPU
		{6A457E24-4046-43C8-B701-DA8C792D465D}.Release|Any CPU.Build.0 = Release|Any CPU
		{B5A8A479-888C-43D8-A3FB-44A521FD1687}.Debug|Any CPU.ActiveCfg = Debug|Any CPU
		{B5A8A479-888C-43D8-A3FB-44A521FD1687}.Debug|Any CPU.Build.0 = Debug|Any CPU
		{B5A8A479-888C-43D8-A3FB-44A521FD1687}.Release|Any CPU.ActiveCfg = Release|Any CPU
		{B5A8A479-888C-43D8-A3FB-44A521FD1687}.Release|Any CPU.Build.0 = Release|Any CPU
		{CFDFACCD-311E-4DB9-8331-1FA6BD604212}.Debug|Any CPU.ActiveCfg = Debug|Any CPU
		{CFDFACCD-311E-4DB9-8331-1FA6BD604212}.Debug|Any CPU.Build.0 = Debug|Any CPU
		{CFDFACCD-311E-4DB9-8331-1FA6BD604212}.Release|Any CPU.ActiveCfg = Release|Any CPU
		{CFDFACCD-311E-4DB9-8331-1FA6BD604212}.Release|Any CPU.Build.0 = Release|Any CPU
	EndGlobalSection
EndGlobal
